{
    "_meta": {
        "hash": {
            "sha256": "da823abd289a82359e104b6f3cb5887afda17880064e94f8f180e6680e009501"
        },
        "pipfile-spec": 6,
        "requires": {
            "python_version": "3.7"
        },
        "sources": [
            {
                "name": "pypi",
                "url": "https://pypi.org/simple",
                "verify_ssl": true
            }
        ]
    },
    "default": {
        "attrs": {
            "hashes": [
                "sha256:31b2eced602aa8423c2aea9c76a724617ed67cf9513173fd3a4f03e3a929c7e6",
                "sha256:832aa3cde19744e49938b91fea06d69ecb9e649c93ba974535d08ad92164f700"
            ],
            "version": "==20.3.0"
        },
        "importlib-metadata": {
            "hashes": [
                "sha256:6112e21359ef8f344e7178aa5b72dc6e62b38b0d008e6d3cb212c5b84df72013",
                "sha256:b0c2d3b226157ae4517d9625decf63591461c66b3a808c2666d538946519d170"
            ],
            "markers": "python_version < '3.8'",
            "version": "==3.1.1"
        },
        "iniconfig": {
            "hashes": [
                "sha256:011e24c64b7f47f6ebd835bb12a743f2fbe9a26d4cecaa7f53bc4f35ee9da8b3",
                "sha256:bc3af051d7d14b2ee5ef9969666def0cd1a000e121eaea580d4a313df4b37f32"
            ],
            "version": "==1.1.1"
        },
        "jedi": {
            "hashes": [
                "sha256:86ed7d9b750603e4ba582ea8edc678657fb4007894a12bcf6f4bb97892f31d20",
                "sha256:98cc583fa0f2f8304968199b01b6b4b94f469a1f4a74c1560506ca2a211378b5"
            ],
            "version": "==0.17.2"
        },
        "packaging": {
            "hashes": [
                "sha256:05af3bb85d320377db281cf254ab050e1a7ebcbf5410685a9a407e18a1f81236",
                "sha256:eb41423378682dadb7166144a4926e443093863024de508ca5c9737d6bc08376"
            ],
            "version": "==20.7"
        },
        "parso": {
            "hashes": [
                "sha256:97218d9159b2520ff45eb78028ba8b50d2bc61dcc062a9682666f2dc4bd331ea",
                "sha256:caba44724b994a8a5e086460bb212abc5a8bc46951bf4a9a1210745953622eb9"
            ],
            "version": "==0.7.1"
        },
        "pluggy": {
            "hashes": [
                "sha256:15b2acde666561e1298d71b523007ed7364de07029219b604cf808bfa1c765b0",
                "sha256:966c145cd83c96502c3c3868f50408687b38434af77734af1e9ca461a4081d2d"
            ],
            "version": "==0.13.1"
        },
        "py": {
            "hashes": [
                "sha256:366389d1db726cd2fcfc79732e75410e5fe4d31db13692115529d34069a043c2",
                "sha256:9ca6883ce56b4e8da7e79ac18787889fa5206c79dcc67fb065376cd2fe03f342"
            ],
            "version": "==1.9.0"
        },
        "pyparsing": {
            "hashes": [
                "sha256:c203ec8783bf771a155b207279b9bccb8dea02d8f0c9e5f8ead507bc3246ecc1",
                "sha256:ef9d7589ef3c200abe66653d3f1ab1033c3c419ae9b9bdb1240a85b024efc88b"
            ],
            "version": "==2.4.7"
        },
        "pytest": {
            "hashes": [
                "sha256:4288fed0d9153d9646bfcdf0c0428197dba1ecb27a33bb6e031d002fa88653fe",
                "sha256:c0a7e94a8cdbc5422a51ccdad8e6f1024795939cc89159a0ae7f0b316ad3823e"
            ],
            "index": "pypi",
            "version": "==6.1.2"
        },
        "python-jsonrpc-server": {
            "hashes": [
                "sha256:62c543e541f101ec5b57dc654efc212d2c2e3ea47ff6f54b2e7dcb36ecf20595",
                "sha256:e5a908ff182e620aac07db5f57887eeb0afe33993008f57dc1b85b594cea250c"
            ],
            "version": "==0.4.0"
        },
        "python-language-server": {
            "hashes": [
                "sha256:0c672aec88fa73f47c36aa4d0b7717868b316a1398d3fb73554955675ce54bae",
                "sha256:c85d718ef6860319ad59fd6f2acb1166e9349b782ee8e8908e08ecf241615f52"
            ],
            "index": "pypi",
            "version": "==0.36.1"
        },
        "toml": {
            "hashes": [
                "sha256:806143ae5bfb6a3c6e736a764057db0e6a0e05e338b5630894a5f779cabb4f9b",
                "sha256:b3bda1d108d5dd99f4a20d24d9c348e91c4db7ab1b749200bded2f839ccbe68f"
            ],
            "version": "==0.10.2"
        },
        "ujson": {
            "hashes": [
                "sha256:078808c385036cba73cad96f498310c61e9b5ae5ac9ea01e7c3996ece544b556",
                "sha256:0a2e1b211714eb1ec0772a013ec9967f8f95f21c84e8f46382e9f8a32ae781fe",
                "sha256:0f412c3f59b1ab0f40018235224ca0cf29232d0201ff5085618565a8a9c810ed",
                "sha256:26cf6241b36ff5ce4539ae687b6b02673109c5e3efc96148806a7873eaa229d3",
                "sha256:2b2d9264ac76aeb11f590f7a1ccff0689ba1313adacbb6d38d3b15f21a392897",
                "sha256:4f12b0b4e235b35d49f15227b0a827e614c52dda903c58a8f5523936c233dfc7",
                "sha256:4fe8c6112b732cba5a722f7cbe22f18d405f6f44415794a5b46473a477635233",
                "sha256:51480048373cf97a6b97fcd70c3586ca0a31f27e22ab680fb14c1f22bedbf743",
                "sha256:568bb3e7f035006147af4ce3a9ced7d126c92e1a8607c7b2266007b1c1162c53",
                "sha256:5fe1536465b1c86e32a47113abd3178001b7c2dcd61f95f336fe2febf4661e74",
                "sha256:71703a269f074ff65b9d7746662e4b3e76a4af443e532218af1e8ce15d9b1e7b",
                "sha256:7a1545ac2476db4cc1f0f236603ccbb50991fc1bba480cda1bc06348cc2a2bf0",
                "sha256:a5200a68f1dcf3ce275e1cefbcfa3914b70c2b5e2f71c2e31556aa1f7244c845",
                "sha256:a618af22407baeadb3f046f81e7a5ee5e9f8b0b716d2b564f92276a54d26a823",
                "sha256:a79bca47eafb31c74b38e68623bc9b2bb930cb48fab1af31c8f2cb68cf473421",
                "sha256:b87379a3f8046d6d111762d81f3384bf38ab24b1535c841fe867a4a097d84523",
                "sha256:bd4c77aee3ffb920e2dbc21a9e0c7945a400557ce671cfd57dbd569f5ebc619d",
                "sha256:c354c1617b0a4378b6279d0cd511b769500cf3fa7c42e8e004cbbbb6b4c2a875",
                "sha256:c604024bd853b5df6be7d933e934da8dd139e6159564db7c55b92a9937678093",
                "sha256:e7ab24942b2d57920d75b817b8eead293026db003247e26f99506bdad86c61b4",
                "sha256:f8a60928737a9a47e692fcd661ef2b5d75ba22c7c930025bd95e338f2a6e15bc"
            ],
            "markers": "python_version > '3'",
            "version": "==4.0.1"
        },
        "zipp": {
            "hashes": [
                "sha256:102c24ef8f171fd729d46599845e95c7ab894a4cf45f5de11a44cc7444fb1108",
                "sha256:ed5eee1974372595f9e416cc7bbeeb12335201d8081ca8a0743c954d4446e5cb"
            ],
            "version": "==3.4.0"
        }
    },
    "develop": {}
}
